// !$*UTF8*$!
{
	archiveVersion = 1;
	classes = {
	};
	objectVersion = 77;
	objects = {

/* Begin PBXBuildFile section */
		1BA4523D8941CEAF6047DCE0 /* DemoWalletUITests.swift in Sources */ = {isa = PBXBuildFile; fileRef = 819D7D3167D5646D27BE809E /* DemoWalletUITests.swift */; };
		212577FF75EB6D4DA46ED9C4 /* ScanView.swift in Sources */ = {isa = PBXBuildFile; fileRef = 13C76E55CD4881373A60A9E3 /* ScanView.swift */; };
		22BEE44EFF06CBD3FDC082B6 /* ContentView.swift in Sources */ = {isa = PBXBuildFile; fileRef = 7D97405F0E07310B8A204CF1 /* ContentView.swift */; };
		6BDA4B0484E846748B5C2344 /* HTTPWalletProvider.swift in Sources */ = {isa = PBXBuildFile; fileRef = 2F0E54791828D5171B822733 /* HTTPWalletProvider.swift */; };
		7C33F773F766F688BFD56D9A /* OID4VCWallet in Frameworks */ = {isa = PBXBuildFile; productRef = 4AB71DB27554C3B1CA809FA4 /* OID4VCWallet */; };
		8DD8D2D0F238F9CE3210FE0B /* QRCodeTests.swift in Sources */ = {isa = PBXBuildFile; fileRef = 2AFFCD3CFCF56E0310DC8DD0 /* QRCodeTests.swift */; };
		C02517FB98677D16EA5E9C4F /* DemoWalletApp.swift in Sources */ = {isa = PBXBuildFile; fileRef = C5F16C5C0BD25AEB7DAFC75E /* DemoWalletApp.swift */; };
		DD51A0DDC2F2873B44E1AB43 /* WalletModel.swift in Sources */ = {isa = PBXBuildFile; fileRef = 727FF1B0EB18E15552480967 /* WalletModel.swift */; };
		F5C4EB4E4628345580B28CB3 /* QRCode.swift in Sources */ = {isa = PBXBuildFile; fileRef = 79295F2DA87108CEC198C9A8 /* QRCode.swift */; };
		FA6A934F772D47C8BCBBFF6E /* DemoConfiguration.swift in Sources */ = {isa = PBXBuildFile; fileRef = 7D0E5AE041BC6DF85863096C /* DemoConfiguration.swift */; };
/* End PBXBuildFile section */

/* Begin PBXContainerItemProxy section */
		821A8F5FAF5EF84F7F834696 /* PBXContainerItemProxy */ = {
			isa = PBXContainerItemProxy;
			containerPortal = 4441AA7FB883F79DAA3A8888 /* Project object */;
			proxyType = 1;
			remoteGlobalIDString = DA885DFB2EFE2ED776E0C633;
			remoteInfo = DemoWallet;
		};
		E64CA7C0BE3AB0D5C09DB6E2 /* PBXContainerItemProxy */ = {
			isa = PBXContainerItemProxy;
			containerPortal = 4441AA7FB883F79DAA3A8888 /* Project object */;
			proxyType = 1;
			remoteGlobalIDString = DA885DFB2EFE2ED776E0C633;
			remoteInfo = DemoWallet;
		};
/* End PBXContainerItemProxy section */

/* Begin PBXFileReference section */
		13C76E55CD4881373A60A9E3 /* ScanView.swift */ = {isa = PBXFileReference; lastKnownFileType = sourcecode.swift; path = ScanView.swift; sourceTree = "<group>"; };
		2AFFCD3CFCF56E0310DC8DD0 /* QRCodeTests.swift */ = {isa = PBXFileReference; lastKnownFileType = sourcecode.swift; path = QRCodeTests.swift; sourceTree = "<group>"; };
		2F0E54791828D5171B822733 /* HTTPWalletProvider.swift */ = {isa = PBXFileReference; lastKnownFileType = sourcecode.swift; path = HTTPWalletProvider.swift; sourceTree = "<group>"; };
		71C07640C370F23881BE60F2 /* Info.plist */ = {isa = PBXFileReference; lastKnownFileType = text.plist; path = Info.plist; sourceTree = "<group>"; };
		727FF1B0EB18E15552480967 /* WalletModel.swift */ = {isa = PBXFileReference; lastKnownFileType = sourcecode.swift; path = WalletModel.swift; sourceTree = "<group>"; };
		79295F2DA87108CEC198C9A8 /* QRCode.swift */ = {isa = PBXFileReference; lastKnownFileType = sourcecode.swift; path = QRCode.swift; sourceTree = "<group>"; };
		7D0E5AE041BC6DF85863096C /* DemoConfiguration.swift */ = {isa = PBXFileReference; lastKnownFileType = sourcecode.swift; path = DemoConfiguration.swift; sourceTree = "<group>"; };
		7D97405F0E07310B8A204CF1 /* ContentView.swift */ = {isa = PBXFileReference; lastKnownFileType = sourcecode.swift; path = ContentView.swift; sourceTree = "<group>"; };
		819D7D3167D5646D27BE809E /* DemoWalletUITests.swift */ = {isa = PBXFileReference; lastKnownFileType = sourcecode.swift; path = DemoWalletUITests.swift; sourceTree = "<group>"; };
		8DD7E31109ADF78893A8C16D /* DemoWalletTests.xctest */ = {isa = PBXFileReference; includeInIndex = 0; lastKnownFileType = wrapper.cfbundle; path = DemoWalletTests.xctest; sourceTree = BUILT_PRODUCTS_DIR; };
		975D3A5777574C44881B4A60 /* OID4VCWallet */ = {isa = PBXFileReference; lastKnownFileType = folder; name = OID4VCWallet; path = ../OID4VCWallet; sourceTree = SOURCE_ROOT; };
		C5F16C5C0BD25AEB7DAFC75E /* DemoWalletApp.swift */ = {isa = PBXFileReference; lastKnownFileType = sourcecode.swift; path = DemoWalletApp.swift; sourceTree = "<group>"; };
		DE034FF24178F629F3A024CC /* DemoWallet.app */ = {isa = PBXFileReference; includeInIndex = 0; lastKnownFileType = wrapper.application; path = DemoWallet.app; sourceTree = BUILT_PRODUCTS_DIR; };
		DF70DC76B16FF1F1DC92A09E /* DemoWalletUITests.xctest */ = {isa = PBXFileReference; includeInIndex = 0; lastKnownFileType = wrapper.cfbundle; path = DemoWalletUITests.xctest; sourceTree = BUILT_PRODUCTS_DIR; };
/* End PBXFileReference section */

/* Begin PBXFrameworksBuildPhase section */
		63F9B588D399F52F05497202 /* Frameworks */ = {
			isa = PBXFrameworksBuildPhase;
			buildActionMask = 2147483647;
			files = (
				7C33F773F766F688BFD56D9A /* OID4VCWallet in Frameworks */,
			);
			runOnlyForDeploymentPostprocessing = 0;
		};
/* End PBXFrameworksBuildPhase section */

/* Begin PBXGroup section */
		11EC226381DB71B07F60C77C /* Packages */ = {
			isa = PBXGroup;
			children = (
				975D3A5777574C44881B4A60 /* OID4VCWallet */,
			);
			name = Packages;
			sourceTree = "<group>";
		};
		8A590F03F022858D1CB090CF /* DemoWalletTests */ = {
			isa = PBXGroup;
			children = (
				2AFFCD3CFCF56E0310DC8DD0 /* QRCodeTests.swift */,
			);
			path = DemoWalletTests;
			sourceTree = "<group>";
		};
		A57974F1339AFAD120B7800E /* DemoWalletUITests */ = {
			isa = PBXGroup;
			children = (
				819D7D3167D5646D27BE809E /* DemoWalletUITests.swift */,
			);
			path = DemoWalletUITests;
			sourceTree = "<group>";
		};
		C39A6523D027BEA0A6689017 = {
			isa = PBXGroup;
			children = (
				F655CCF8F7E0D1A68B26D88D /* DemoWallet */,
				8A590F03F022858D1CB090CF /* DemoWalletTests */,
				A57974F1339AFAD120B7800E /* DemoWalletUITests */,
				11EC226381DB71B07F60C77C /* Packages */,
				F47AF6D1BF1721E049BA5948 /* Products */,
			);
			sourceTree = "<group>";
		};
		F47AF6D1BF1721E049BA5948 /* Products */ = {
			isa = PBXGroup;
			children = (
				DE034FF24178F629F3A024CC /* DemoWallet.app */,
				8DD7E31109ADF78893A8C16D /* DemoWalletTests.xctest */,
				DF70DC76B16FF1F1DC92A09E /* DemoWalletUITests.xctest */,
			);
			name = Products;
			sourceTree = "<group>";
		};
		F655CCF8F7E0D1A68B26D88D /* DemoWallet */ = {
			isa = PBXGroup;
			children = (
				7D97405F0E07310B8A204CF1 /* ContentView.swift */,
				7D0E5AE041BC6DF85863096C /* DemoConfiguration.swift */,
				C5F16C5C0BD25AEB7DAFC75E /* DemoWalletApp.swift */,
				2F0E54791828D5171B822733 /* HTTPWalletProvider.swift */,
				71C07640C370F23881BE60F2 /* Info.plist */,
				79295F2DA87108CEC198C9A8 /* QRCode.swift */,
				13C76E55CD4881373A60A9E3 /* ScanView.swift */,
				727FF1B0EB18E15552480967 /* WalletModel.swift */,
			);
			path = DemoWallet;
			sourceTree = "<group>";
		};
/* End PBXGroup section */

/* Begin PBXNativeTarget section */
		3AD490734F9126417B732549 /* DemoWalletTests */ = {
			isa = PBXNativeTarget;
			buildConfigurationList = C06E6F59FFFF6411EF7D1A69 /* Build configuration list for PBXNativeTarget "DemoWalletTests" */;
			buildPhases = (
				C16507EB5F48678498EBE63A /* Sources */,
			);
			buildRules = (
			);
			dependencies = (
				59F1A13E78A828825A108309 /* PBXTargetDependency */,
			);
			name = DemoWalletTests;
			packageProductDependencies = (
			);
			productName = DemoWalletTests;
			productReference = 8DD7E31109ADF78893A8C16D /* DemoWalletTests.xctest */;
			productType = "com.apple.product-type.bundle.unit-test";
		};
		B0FFDFEEDF24A4623D36D38C /* DemoWalletUITests */ = {
			isa = PBXNativeTarget;
			buildConfigurationList = 619418CF96ECF30BA5011043 /* Build configuration list for PBXNativeTarget "DemoWalletUITests" */;
			buildPhases = (
				6BCE44E35AD8CB3865A3E7AE /* Sources */,
			);
			buildRules = (
			);
			dependencies = (
				6FEE94AD9FC8E200D03836F9 /* PBXTargetDependency */,
			);
			name = DemoWalletUITests;
			packageProductDependencies = (
			);
			productName = DemoWalletUITests;
			productReference = DF70DC76B16FF1F1DC92A09E /* DemoWalletUITests.xctest */;
			productType = "com.apple.product-type.bundle.ui-testing";
		};
		DA885DFB2EFE2ED776E0C633 /* DemoWallet */ = {
			isa = PBXNativeTarget;
			buildConfigurationList = 2383AD913DFA84ED904EEF1B /* Build configuration list for PBXNativeTarget "DemoWallet" */;
			buildPhases = (
				0D665B3D35D67111391F2069 /* Sources */,
				63F9B588D399F52F05497202 /* Frameworks */,
			);
			buildRules = (
			);
			dependencies = (
			);
			name = DemoWallet;
			packageProductDependencies = (
				4AB71DB27554C3B1CA809FA4 /* OID4VCWallet */,
			);
			productName = DemoWallet;
			productReference = DE034FF24178F629F3A024CC /* DemoWallet.app */;
			productType = "com.apple.product-type.application";
		};
/* End PBXNativeTarget section */

/* Begin PBXProject section */
		4441AA7FB883F79DAA3A8888 /* Project object */ = {
			isa = PBXProject;
			attributes = {
				BuildIndependentTargetsInParallel = YES;
				LastUpgradeCheck = 1430;
				TargetAttributes = {
					3AD490734F9126417B732549 = {
						DevelopmentTeam = "";
						ProvisioningStyle = Automatic;
					};
					B0FFDFEEDF24A4623D36D38C = {
						DevelopmentTeam = "";
						ProvisioningStyle = Automatic;
						TestTargetID = DA885DFB2EFE2ED776E0C633;
					};
					DA885DFB2EFE2ED776E0C633 = {
						DevelopmentTeam = "";
						ProvisioningStyle = Automatic;
					};
				};
			};
			buildConfigurationList = C1F13CB53BBB9D6EAC0227B8 /* Build configuration list for PBXProject "DemoWallet" */;
			developmentRegion = en;
			hasScannedForEncodings = 0;
			knownRegions = (
				Base,
				en,
			);
			mainGroup = C39A6523D027BEA0A6689017;
			minimizedProjectReferenceProxies = 1;
			packageReferences = (
				DA6FBECC80142C0E930D89BB /* XCLocalSwiftPackageReference "../OID4VCWallet" */,
			);
			preferredProjectObjectVersion = 77;
			productRefGroup = F47AF6D1BF1721E049BA5948 /* Products */;
			projectDirPath = "";
			projectRoot = "";
			targets = (
				DA885DFB2EFE2ED776E0C633 /* DemoWallet */,
				3AD490734F9126417B732549 /* DemoWalletTests */,
				B0FFDFEEDF24A4623D36D38C /* DemoWalletUITests */,
			);
		};
/* End PBXProject section */

/* Begin PBXSourcesBuildPhase section */
		0D665B3D35D67111391F2069 /* Sources */ = {
			isa = PBXSourcesBuildPhase;
			buildActionMask = 2147483647;
			files = (
				22BEE44EFF06CBD3FDC082B6 /* ContentView.swift in Sources */,
				FA6A934F772D47C8BCBBFF6E /* DemoConfiguration.swift in Sources */,
				C02517FB98677D16EA5E9C4F /* DemoWalletApp.swift in Sources */,
				6BDA4B0484E846748B5C2344 /* HTTPWalletProvider.swift in Sources */,
				F5C4EB4E4628345580B28CB3 /* QRCode.swift in Sources */,
				212577FF75EB6D4DA46ED9C4 /* ScanView.swift in Sources */,
				DD51A0DDC2F2873B44E1AB43 /* WalletModel.swift in Sources */,
			);
			runOnlyForDeploymentPostprocessing = 0;
		};
		6BCE44E35AD8CB3865A3E7AE /* Sources */ = {
			isa = PBXSourcesBuildPhase;
			buildActionMask = 2147483647;
			files = (
				1BA4523D8941CEAF6047DCE0 /* DemoWalletUITests.swift in Sources */,
			);
			runOnlyForDeploymentPostprocessing = 0;
		};
		C16507EB5F48678498EBE63A /* Sources */ = {
			isa = PBXSourcesBuildPhase;
			buildActionMask = 2147483647;
			files = (
				8DD8D2D0F238F9CE3210FE0B /* QRCodeTests.swift in Sources */,
			);
			runOnlyForDeploymentPostprocessing = 0;
		};
/* End PBXSourcesBuildPhase section */

/* Begin PBXTargetDependency section */
		59F1A13E78A828825A108309 /* PBXTargetDependency */ = {
			isa = PBXTargetDependency;
			target = DA885DFB2EFE2ED776E0C633 /* DemoWallet */;
			targetProxy = 821A8F5FAF5EF84F7F834696 /* PBXContainerItemProxy */;
		};
		6FEE94AD9FC8E200D03836F9 /* PBXTargetDependency */ = {
			isa = PBXTargetDependency;
			target = DA885DFB2EFE2ED776E0C633 /* DemoWallet */;
			targetProxy = E64CA7C0BE3AB0D5C09DB6E2 /* PBXContainerItemProxy */;
		};
/* End PBXTargetDependency section */

/* Begin XCBuildConfiguration section */
		08C744CE26AD9BB21B092C5A /* Release */ = {
			isa = XCBuildConfiguration;
			buildSettings = {
				BUNDLE_LOADER = "$(TEST_HOST)";
				GENERATE_INFOPLIST_FILE = YES;
				LD_RUNPATH_SEARCH_PATHS = (
					"$(inherited)",
					"@executable_path/Frameworks",
					"@loader_path/Frameworks",
				);
				PRODUCT_BUNDLE_IDENTIFIER = org.idfoundry.oid4vcgo.demowallet.tests;
				SDKROOT = iphoneos;
				TARGETED_DEVICE_FAMILY = "1,2";
				TEST_HOST = "$(BUILT_PRODUCTS_DIR)/DemoWallet.app/DemoWallet";
			};
			name = Release;
		};
		297C3D54B087AF13C7D6580D /* Debug */ = {
			isa = XCBuildConfiguration;
			buildSettings = {
				ALWAYS_SEARCH_USER_PATHS = NO;
				CLANG_ANALYZER_NONNULL = YES;
				CLANG_ANALYZER_NUMBER_OBJECT_CONVERSION = YES_AGGRESSIVE;
				CLANG_CXX_LANGUAGE_STANDARD = "gnu++14";
				CLANG_CXX_LIBRARY = "libc++";
				CLANG_ENABLE_MODULES = YES;
				CLANG_ENABLE_OBJC_ARC = YES;
				CLANG_ENABLE_OBJC_WEAK = YES;
				CLANG_WARN_BLOCK_CAPTURE_AUTORELEASING = YES;
				CLANG_WARN_BOOL_CONVERSION = YES;
				CLANG_WARN_COMMA = YES;
				CLANG_WARN_CONSTANT_CONVERSION = YES;
				CLANG_WARN_DEPRECATED_OBJC_IMPLEMENTATIONS = YES;
				CLANG_WARN_DIRECT_OBJC_ISA_USAGE = YES_ERROR;
				CLANG_WARN_DOCUMENTATION_COMMENTS = YES;
				CLANG_WARN_EMPTY_BODY = YES;
				CLANG_WARN_ENUM_CONVERSION = YES;
				CLANG_WARN_INFINITE_RECURSION = YES;
				CLANG_WARN_INT_CONVERSION = YES;
				CLANG_WARN_NON_LITERAL_NULL_CONVERSION = YES;
				CLANG_WARN_OBJC_IMPLICIT_RETAIN_SELF = YES;
				CLANG_WARN_OBJC_LITERAL_CONVERSION = YES;
				CLANG_WARN_OBJC_ROOT_CLASS = YES_ERROR;
				CLANG_WARN_QUOTED_INCLUDE_IN_FRAMEWORK_HEADER = YES;
				CLANG_WARN_RANGE_LOOP_ANALYSIS = YES;
				CLANG_WARN_STRICT_PROTOTYPES = YES;
				CLANG_WARN_SUSPICIOUS_MOVE = YES;
				CLANG_WARN_UNGUARDED_AVAILABILITY = YES_AGGRESSIVE;
				CLANG_WARN_UNREACHABLE_CODE = YES;
				CLANG_WARN__DUPLICATE_METHOD_MATCH = YES;
				CODE_SIGN_STYLE = Automatic;
				COPY_PHASE_STRIP = NO;
				DEBUG_INFORMATION_FORMAT = dwarf;
				DEVELOPMENT_TEAM = "";
				ENABLE_STRICT_OBJC_MSGSEND = YES;
				ENABLE_TESTABILITY = YES;
				GCC_C_LANGUAGE_STANDARD = gnu11;
				GCC_DYNAMIC_NO_PIC = NO;
				GCC_NO_COMMON_BLOCKS = YES;
				GCC_OPTIMIZATION_LEVEL = 0;
				GCC_PREPROCESSOR_DEFINITIONS = (
					"$(inherited)",
					"DEBUG=1",
				);
				GCC_WARN_64_TO_32_BIT_CONVERSION = YES;
				GCC_WARN_ABOUT_RETURN_TYPE = YES_ERROR;
				GCC_WARN_UNDECLARED_SELECTOR = YES;
				GCC_WARN_UNINITIALIZED_AUTOS = YES_AGGRESSIVE;
				GCC_WARN_UNUSED_FUNCTION = YES;
				GCC_WARN_UNUSED_VARIABLE = YES;
				IPHONEOS_DEPLOYMENT_TARGET = 17.0;
				MTL_ENABLE_DEBUG_INFO = INCLUDE_SOURCE;
				MTL_FAST_MATH = YES;
				ONLY_ACTIVE_ARCH = YES;
				PRODUCT_NAME = "$(TARGET_NAME)";
				SDKROOT = iphoneos;
				SWIFT_ACTIVE_COMPILATION_CONDITIONS = DEBUG;
				SWIFT_OPTIMIZATION_LEVEL = "-Onone";
				SWIFT_VERSION = 6.0;
			};
			name = Debug;
		};
		2EE869A62B396228E31706E8 /* Debug */ = {
			isa = XCBuildConfiguration;
			buildSettings = {
				BUNDLE_LOADER = "$(TEST_HOST)";
				GENERATE_INFOPLIST_FILE = YES;
				LD_RUNPATH_SEARCH_PATHS = (
					"$(inherited)",
					"@executable_path/Frameworks",
					"@loader_path/Frameworks",
				);
				PRODUCT_BUNDLE_IDENTIFIER = org.idfoundry.oid4vcgo.demowallet.uitests;
				SDKROOT = iphoneos;
				TARGETED_DEVICE_FAMILY = "1,2";
				TEST_TARGET_NAME = DemoWallet;
			};
			name = Debug;
		};
		46C0F97FE3425449F6B641E1 /* Release */ = {
			isa = XCBuildConfiguration;
			buildSettings = {
				ALWAYS_SEARCH_USER_PATHS = NO;
				CLANG_ANALYZER_NONNULL = YES;
				CLANG_ANALYZER_NUMBER_OBJECT_CONVERSION = YES_AGGRESSIVE;
				CLANG_CXX_LANGUAGE_STANDARD = "gnu++14";
				CLANG_CXX_LIBRARY = "libc++";
				CLANG_ENABLE_MODULES = YES;
				CLANG_ENABLE_OBJC_ARC = YES;
				CLANG_ENABLE_OBJC_WEAK = YES;
				CLANG_WARN_BLOCK_CAPTURE_AUTORELEASING = YES;
				CLANG_WARN_BOOL_CONVERSION = YES;
				CLANG_WARN_COMMA = YES;
				CLANG_WARN_CONSTANT_CONVERSION = YES;
				CLANG_WARN_DEPRECATED_OBJC_IMPLEMENTATIONS = YES;
				CLANG_WARN_DIRECT_OBJC_ISA_USAGE = YES_ERROR;
				CLANG_WARN_DOCUMENTATION_COMMENTS = YES;
				CLANG_WARN_EMPTY_BODY = YES;
				CLANG_WARN_ENUM_CONVERSION = YES;
				CLANG_WARN_INFINITE_RECURSION = YES;
				CLANG_WARN_INT_CONVERSION = YES;
				CLANG_WARN_NON_LITERAL_NULL_CONVERSION = YES;
				CLANG_WARN_OBJC_IMPLICIT_RETAIN_SELF = YES;
				CLANG_WARN_OBJC_LITERAL_CONVERSION = YES;
				CLANG_WARN_OBJC_ROOT_CLASS = YES_ERROR;
				CLANG_WARN_QUOTED_INCLUDE_IN_FRAMEWORK_HEADER = YES;
				CLANG_WARN_RANGE_LOOP_ANALYSIS = YES;
				CLANG_WARN_STRICT_PROTOTYPES = YES;
				CLANG_WARN_SUSPICIOUS_MOVE = YES;
				CLANG_WARN_UNGUARDED_AVAILABILITY = YES_AGGRESSIVE;
				CLANG_WARN_UNREACHABLE_CODE = YES;
				CLANG_WARN__DUPLICATE_METHOD_MATCH = YES;
				CODE_SIGN_STYLE = Automatic;
				COPY_PHASE_STRIP = NO;
				DEBUG_INFORMATION_FORMAT = "dwarf-with-dsym";
				DEVELOPMENT_TEAM = "";
				ENABLE_NS_ASSERTIONS = NO;
				ENABLE_STRICT_OBJC_MSGSEND = YES;
				GCC_C_LANGUAGE_STANDARD = gnu11;
				GCC_NO_COMMON_BLOCKS = YES;
				GCC_WARN_64_TO_32_BIT_CONVERSION = YES;
				GCC_WARN_ABOUT_RETURN_TYPE = YES_ERROR;
				GCC_WARN_UNDECLARED_SELECTOR = YES;
				GCC_WARN_UNINITIALIZED_AUTOS = YES_AGGRESSIVE;
				GCC_WARN_UNUSED_FUNCTION = YES;
				GCC_WARN_UNUSED_VARIABLE = YES;
				IPHONEOS_DEPLOYMENT_TARGET = 17.0;
				MTL_ENABLE_DEBUG_INFO = NO;
				MTL_FAST_MATH = YES;
				PRODUCT_NAME = "$(TARGET_NAME)";
				SDKROOT = iphoneos;
				SWIFT_COMPILATION_MODE = wholemodule;
				SWIFT_OPTIMIZATION_LEVEL = "-O";
				SWIFT_VERSION = 6.0;
			};
			name = Release;
		};
		9A3B7A73E790A71059593F4A /* Release */ = {
			isa = XCBuildConfiguration;
			buildSettings = {
				ASSETCATALOG_COMPILER_APPICON_NAME = AppIcon;
				CODE_SIGN_IDENTITY = "iPhone Developer";
				INFOPLIST_FILE = DemoWallet/Info.plist;
				LD_RUNPATH_SEARCH_PATHS = (
					"$(inherited)",
					"@executable_path/Frameworks",
				);
				PRODUCT_BUNDLE_IDENTIFIER = org.idfoundry.oid4vcgo.demowallet;
				SDKROOT = iphoneos;
				TARGETED_DEVICE_FAMILY = 1;
			};
			name = Release;
		};
		9CBE8B0458F8FF091D411FC3 /* Debug */ = {
			isa = XCBuildConfiguration;
			buildSettings = {
				BUNDLE_LOADER = "$(TEST_HOST)";
				GENERATE_INFOPLIST_FILE = YES;
				LD_RUNPATH_SEARCH_PATHS = (
					"$(inherited)",
					"@executable_path/Frameworks",
					"@loader_path/Frameworks",
				);
				PRODUCT_BUNDLE_IDENTIFIER = org.idfoundry.oid4vcgo.demowallet.tests;
				SDKROOT = iphoneos;
				TARGETED_DEVICE_FAMILY = "1,2";
				TEST_HOST = "$(BUILT_PRODUCTS_DIR)/DemoWallet.app/DemoWallet";
			};
			name = Debug;
		};
		C5753AA2EA5BB9D2F5916886 /* Release */ = {
			isa = XCBuildConfiguration;
			buildSettings = {
				BUNDLE_LOADER = "$(TEST_HOST)";
				GENERATE_INFOPLIST_FILE = YES;
				LD_RUNPATH_SEARCH_PATHS = (
					"$(inherited)",
					"@executable_path/Frameworks",
					"@loader_path/Frameworks",
				);
				PRODUCT_BUNDLE_IDENTIFIER = org.idfoundry.oid4vcgo.demowallet.uitests;
				SDKROOT = iphoneos;
				TARGETED_DEVICE_FAMILY = "1,2";
				TEST_TARGET_NAME = DemoWallet;
			};
			name = Release;
		};
		C754CCE0876FEB74F07EDC52 /* Debug */ = {
			isa = XCBuildConfiguration;
			buildSettings = {
				ASSETCATALOG_COMPILER_APPICON_NAME = AppIcon;
				CODE_SIGN_IDENTITY = "iPhone Developer";
				INFOPLIST_FILE = DemoWallet/Info.plist;
				LD_RUNPATH_SEARCH_PATHS = (
					"$(inherited)",
					"@executable_path/Frameworks",
				);
				PRODUCT_BUNDLE_IDENTIFIER = org.idfoundry.oid4vcgo.demowallet;
				SDKROOT = iphoneos;
				TARGETED_DEVICE_FAMILY = 1;
			};
			name = Debug;
		};
/* End XCBuildConfiguration section */

/* Begin XCConfigurationList section */
		2383AD913DFA84ED904EEF1B /* Build configuration list for PBXNativeTarget "DemoWallet" */ = {
			isa = XCConfigurationList;
			buildConfigurations = (
				C754CCE0876FEB74F07EDC52 /* Debug */,
				9A3B7A73E790A71059593F4A /* Release */,
			);
			defaultConfigurationIsVisible = 0;
			defaultConfigurationName = Debug;
		};
		619418CF96ECF30BA5011043 /* Build configuration list for PBXNativeTarget "DemoWalletUITests" */ = {
			isa = XCConfigurationList;
			buildConfigurations = (
				2EE869A62B396228E31706E8 /* Debug */,
				C5753AA2EA5BB9D2F5916886 /* Release */,
			);
			defaultConfigurationIsVisible = 0;
			defaultConfigurationName = Debug;
		};
		C06E6F59FFFF6411EF7D1A69 /* Build configuration list for PBXNativeTarget "DemoWalletTests" */ = {
			isa = XCConfigurationList;
			buildConfigurations = (
				9CBE8B0458F8FF091D411FC3 /* Debug */,
				08C744CE26AD9BB21B092C5A /* Release */,
			);
			defaultConfigurationIsVisible = 0;
			defaultConfigurationName = Debug;
		};
		C1F13CB53BBB9D6EAC0227B8 /* Build configuration list for PBXProject "DemoWallet" */ = {
			isa = XCConfigurationList;
			buildConfigurations = (
				297C3D54B087AF13C7D6580D /* Debug */,
				46C0F97FE3425449F6B641E1 /* Release */,
			);
			defaultConfigurationIsVisible = 0;
			defaultConfigurationName = Debug;
		};
/* End XCConfigurationList section */

/* Begin XCLocalSwiftPackageReference section */
		DA6FBECC80142C0E930D89BB /* XCLocalSwiftPackageReference "../OID4VCWallet" */ = {
			isa = XCLocalSwiftPackageReference;
			relativePath = ../OID4VCWallet;
		};
/* End XCLocalSwiftPackageReference section */

/* Begin XCSwiftPackageProductDependency section */
		4AB71DB27554C3B1CA809FA4 /* OID4VCWallet */ = {
			isa = XCSwiftPackageProductDependency;
			productName = OID4VCWallet;
		};
/* End XCSwiftPackageProductDependency section */
	};
	rootObject = 4441AA7FB883F79DAA3A8888 /* Project object */;
}
