github.com/aead/cmac v0.0.0-20160719120800-7af84192f0b1 h1:+JkXLHME8vLJafGhOH4aoV2Iu8bR55nU6iKMVfYVLjY=
github.com/aead/cmac v0.0.0-20160719120800-7af84192f0b1/go.mod h1:nuudZmJhzWtx2212z+pkuy7B6nkBqa+xwNXZHL1j8cg=
github.com/fxamacker/cbor/v2 v2.9.4 h1:xwjVlxEMR3S605oUlgBjKLTTeGFciYPGYCtF/35LKGo=
github.com/fxamacker/cbor/v2 v2.9.4/go.mod h1:vM4b+DJCtHn+zz7h3FFp/hDAI9WNWCsZj23V5ytsSxQ=
github.com/gmrtd/gmrtd v1.2.0 h1:Opazds50Ieej17TBZFMNmlEYjkNJuN0XPx9A5qKsHnQ=
github.com/gmrtd/gmrtd v1.2.0/go.mod h1:Qml3ttavHGX/07tWgR5NFBYr8AcOP0DIK2N/mDFL7Hk=
github.com/idfoundry/fapigo v0.33.0 h1:vFleYcMA0sgc0yA+F4JleDtMOPMtW4W+S6bTTZWRrMM=
github.com/idfoundry/fapigo v0.33.0/go.mod h1:MxjYEvx5fS3qa0ZAyemzox2RQhh9bTy0GFXehGyYw8o=
github.com/osanderson/brainpool v1.0.0 h1:APN9IiMKDVNgiERIMm4D5sTRLobVI/GK2nIofZr8N3g=
github.com/osanderson/brainpool v1.0.0/go.mod h1:LUYLv8+wgWKKP+MZcvXJ+BkQlpakINAEAMOwG9OL66Y=
github.com/x448/float16 v0.8.4 h1:qLwI1I70+NjRFUR3zs1JPUCgaCXSh3SW62uAKT1mSBM=
github.com/x448/float16 v0.8.4/go.mod h1:14CWIYCyZA/cWjXOioeEpHeN/83MdbZDRQHoFcYsOfg=
rsc.io/qr v0.2.0 h1:6vBLea5/NRMVTz8V66gipeLycZMl/+UlFmk8DvqQ6WY=
rsc.io/qr v0.2.0/go.mod h1:IF+uZjkb9fqyeF/4tlBoynqmQxUoPfWEKh921coOuXs=
