github.com/fxamacker/cbor/v2 v2.9.4 h1:xwjVlxEMR3S605oUlgBjKLTTeGFciYPGYCtF/35LKGo=
github.com/fxamacker/cbor/v2 v2.9.4/go.mod h1:vM4b+DJCtHn+zz7h3FFp/hDAI9WNWCsZj23V5ytsSxQ=
github.com/idfoundry/fapigo v0.34.1-0.20260927090637-130740e50b40 h1:dEJOpiHzX8wiZJjZDuTDHs3blO4Qffl44f04pvCgNRQ=
github.com/idfoundry/fapigo v0.34.1-0.20260927090637-130740e50b40/go.mod h1:MxjYEvx5fS3qa0ZAyemzox2RQhh9bTy0GFXehGyYw8o=
github.com/x448/float16 v0.8.4 h1:qLwI1I70+NjRFUR3zs1JPUCgaCXSh3SW62uAKT1mSBM=
github.com/x448/float16 v0.8.4/go.mod h1:14CWIYCyZA/cWjXOioeEpHeN/83MdbZDRQHoFcYsOfg=
